
Microsoft Visual Studio Solution File, Format Version 12.00
Project("{FAE04EC0-301F-11D3-BF4B-00C04F79EFBC}") = "TCP_Client", "TCP_Client\TCP_Client.csproj", "{AA780FE8-3524-4B00-9FCC-6DE7B2CDE841}"
EndProject
Project("{FAE04EC0-301F-11D3-BF4B-00C04F79EFBC}") = "Client", "Client\Client.csproj", "{C44BD3DA-F5F8-4A37-8BBF-13B8574B616B}"
EndProject
Global
	GlobalSection(SolutionConfigurationPlatforms) = preSolution
		Debug|Any CPU = Debug|Any CPU
		Release|Any CPU = Release|Any CPU
	EndGlobalSection
	GlobalSection(ProjectConfigurationPlatforms) = postSolution
		{AA780FE8-3524-4B00-9FCC-6DE7B2CDE841}.Debug|Any CPU.ActiveCfg = Debug|Any CPU
		{AA780FE8-3524-4B00-9FCC-6DE7B2CDE841}.Debug|Any CPU.Build.0 = Debug|Any CPU
		{AA780FE8-3524-4B00-9FCC-6DE7B2CDE841}.Release|Any CPU.ActiveCfg = Release|Any CPU
		{AA780FE8-3524-4B00-9FCC-6DE7B2CDE841}.Release|Any CPU.Build.0 = Release|Any CPU
		{C44BD3DA-F5F8-4A37-8BBF-13B8574B616B}.Debug|Any CPU.ActiveCfg = Debug|Any CPU
		{C44BD3DA-F5F8-4A37-8BBF-13B8574B616B}.Debug|Any CPU.Build.0 = Debug|Any CPU
		{C44BD3DA-F5F8-4A37-8BBF-13B8574B616B}.Release|Any CPU.ActiveCfg = Release|Any CPU
		{C44BD3DA-F5F8-4A37-8BBF-13B8574B616B}.Release|Any CPU.Build.0 = Release|Any CPU
	EndGlobalSection
EndGlobal
